
Microsoft Visual Studio Solution File, Format Version 12.00
# Visual Studio 14
VisualStudioVersion = 14.0.25123.0
MinimumVisualStudioVersion = 10.0.40219.1
Project("{FAE04EC0-301F-11D3-BF4B-00C04F79EFBC}") = "SeeSharper", "SeeSharper\SeeSharper.csproj", "{BD0B7A21-8914-493D-B0FE-48A33F170BEA}"
EndProject
Project("{2150E333-8FDC-42A3-9474-1A3956D46DE8}") = "Solution Items", "Solution Items", "{A74FD0DD-1C3E-4087-AC19-811C39248DFC}"
	ProjectSection(SolutionItems) = preProject
		PointStructDefaultImplementation.cs = PointStructDefaultImplementation.cs
		SeeSharper\PointExamples\PointStructFluentDesign.cs = SeeSharper\PointExamples\PointStructFluentDesign.cs
	EndProjectSection
EndProject
Global
	GlobalSection(SolutionConfigurationPlatforms) = preSolution
		Debug|Any CPU = Debug|Any CPU
		Release|Any CPU = Release|Any CPU
	EndGlobalSection
	GlobalSection(ProjectConfigurationPlatforms) = postSolution
		{BD0B7A21-8914-493D-B0FE-48A33F170BEA}.Debug|Any CPU.ActiveCfg = Debug|Any CPU
		{BD0B7A21-8914-493D-B0FE-48A33F170BEA}.Debug|Any CPU.Build.0 = Debug|Any CPU
		{BD0B7A21-8914-493D-B0FE-48A33F170BEA}.Release|Any CPU.ActiveCfg = Release|Any CPU
		{BD0B7A21-8914-493D-B0FE-48A33F170BEA}.Release|Any CPU.Build.0 = Release|Any CPU
	EndGlobalSection
	GlobalSection(SolutionProperties) = preSolution
		HideSolutionNode = FALSE
	EndGlobalSection
EndGlobal
